{
  "version": 4,
  "terraform_version": "1.0.9",
  "serial": 185,
  "lineage": "451ae02c-7aa9-bf82-457d-c934c9934650",
  "outputs": {},
  "resources": [
    {
      "mode": "managed",
      "type": "azurerm_linux_virtual_machine",
      "name": "vm_linux_web_helselog",
      "provider": "provider[\"registry.terraform.io/hashicorp/azurerm\"]",
      "instances": [
        {
          "schema_version": 0,
          "attributes": {
            "additional_capabilities": [],
            "admin_password": "Adminpassword123",
            "admin_ssh_key": [],
            "admin_username": "adminuser",
            "allow_extension_operations": true,
            "availability_set_id": "",
            "boot_diagnostics": [],
            "computer_name": "vm-linux-web-hl",
            "custom_data": null,
            "dedicated_host_id": "",
            "disable_password_authentication": false,
            "encryption_at_host_enabled": false,
            "eviction_policy": "",
            "extensions_time_budget": "PT1H30M",
            "id": "/subscriptions/d4028c8c-b750-434d-b956-ff8ce84f8632/resourceGroups/project-helselogistikk-0001/providers/Microsoft.Compute/virtualMachines/vm-linux-web-hl",
            "identity": [],
            "license_type": "",
            "location": "norwayeast",
            "max_bid_price": -1,
            "name": "vm-linux-web-hl",
            "network_interface_ids": [
              "/subscriptions/d4028c8c-b750-434d-b956-ff8ce84f8632/resourceGroups/project-helselogistikk-0001/providers/Microsoft.Network/networkInterfaces/nic-helselog-web"
            ],
            "os_disk": [
              {
                "caching": "ReadWrite",
                "diff_disk_settings": [],
                "disk_encryption_set_id": "",
                "disk_size_gb": 30,
                "name": "vm-linux-web-hl_OsDisk_1_e7cd49fd0c2048b58acdab5415fa0e5f",
                "storage_account_type": "Standard_LRS",
                "write_accelerator_enabled": false
              }
            ],
            "patch_mode": null,
            "plan": [],
            "platform_fault_domain": -1,
            "priority": "Regular",
            "private_ip_address": "10.0.1.4",
            "private_ip_addresses": [
              "10.0.1.4"
            ],
            "provision_vm_agent": true,
            "proximity_placement_group_id": "",
            "public_ip_address": "",
            "public_ip_addresses": [],
            "resource_group_name": "project-helselogistikk-0001",
            "secret": [],
            "size": "Standard_F2",
            "source_image_id": "",
            "source_image_reference": [
              {
                "offer": "UbuntuServer",
                "publisher": "Canonical",
                "sku": "16.04-LTS",
                "version": "latest"
              }
            ],
            "tags": {},
            "timeouts": null,
            "virtual_machine_id": "ef55cc1c-baf6-4042-94a2-41fa7fc1ec5d",
            "virtual_machine_scale_set_id": "",
            "zone": ""
          },
          "sensitive_attributes": [],
          "private": "eyJlMmJmYjczMC1lY2FhLTExZTYtOGY4OC0zNDM2M2JjN2M0YzAiOnsiY3JlYXRlIjoyNzAwMDAwMDAwMDAwLCJkZWxldGUiOjI3MDAwMDAwMDAwMDAsInJlYWQiOjMwMDAwMDAwMDAwMCwidXBkYXRlIjoyNzAwMDAwMDAwMDAwfX0=",
          "dependencies": [
            "azurerm_network_interface.nic_helselog_web",
            "azurerm_resource_group.rg_helselog",
            "azurerm_subnet.subnet_helselog_web",
            "azurerm_virtual_network.vnet_helselog"
          ]
        }
      ]
    },
    {
      "mode": "managed",
      "type": "azurerm_linux_virtual_machine",
      "name": "vm_linux_web_kurs",
      "provider": "provider[\"registry.terraform.io/hashicorp/azurerm\"]",
      "instances": [
        {
          "schema_version": 0,
          "attributes": {
            "additional_capabilities": [],
            "admin_password": "Adminpassword123",
            "admin_ssh_key": [],
            "admin_username": "adminuser",
            "allow_extension_operations": true,
            "availability_set_id": "",
            "boot_diagnostics": [],
            "computer_name": "vm-linux-web-k",
            "custom_data": null,
            "dedicated_host_id": "",
            "disable_password_authentication": false,
            "encryption_at_host_enabled": false,
            "eviction_policy": "",
            "extensions_time_budget": "PT1H30M",
            "id": "/subscriptions/d4028c8c-b750-434d-b956-ff8ce84f8632/resourceGroups/kurs-dips-ahus-0001/providers/Microsoft.Compute/virtualMachines/vm-linux-web-k",
            "identity": [],
            "license_type": "",
            "location": "norwayeast",
            "max_bid_price": -1,
            "name": "vm-linux-web-k",
            "network_interface_ids": [
              "/subscriptions/d4028c8c-b750-434d-b956-ff8ce84f8632/resourceGroups/kurs-dips-ahus-0001/providers/Microsoft.Network/networkInterfaces/nic-kurs-web"
            ],
            "os_disk": [
              {
                "caching": "ReadWrite",
                "diff_disk_settings": [],
                "disk_encryption_set_id": "",
                "disk_size_gb": 30,
                "name": "vm-linux-web-k_OsDisk_1_a4533cc529154a7785a892e7e4383206",
                "storage_account_type": "Standard_LRS",
                "write_accelerator_enabled": false
              }
            ],
            "patch_mode": null,
            "plan": [],
            "platform_fault_domain": -1,
            "priority": "Regular",
            "private_ip_address": "10.1.1.4",
            "private_ip_addresses": [
              "10.1.1.4"
            ],
            "provision_vm_agent": true,
            "proximity_placement_group_id": "",
            "public_ip_address": "",
            "public_ip_addresses": [],
            "resource_group_name": "kurs-dips-ahus-0001",
            "secret": [],
            "size": "Standard_F2",
            "source_image_id": "",
            "source_image_reference": [
              {
                "offer": "UbuntuServer",
                "publisher": "Canonical",
                "sku": "16.04-LTS",
                "version": "latest"
              }
            ],
            "tags": {},
            "timeouts": null,
            "virtual_machine_id": "27516f3e-7900-4332-a0ad-5e552cc9de85",
            "virtual_machine_scale_set_id": "",
            "zone": ""
          },
          "sensitive_attributes": [],
          "private": "eyJlMmJmYjczMC1lY2FhLTExZTYtOGY4OC0zNDM2M2JjN2M0YzAiOnsiY3JlYXRlIjoyNzAwMDAwMDAwMDAwLCJkZWxldGUiOjI3MDAwMDAwMDAwMDAsInJlYWQiOjMwMDAwMDAwMDAwMCwidXBkYXRlIjoyNzAwMDAwMDAwMDAwfX0=",
          "dependencies": [
            "azurerm_subnet.subnet_kurs_web",
            "azurerm_virtual_network.vnet_kurs",
            "azurerm_network_interface.nic_kurs_web",
            "azurerm_resource_group.rg_kurs"
          ]
        }
      ]
    },
    {
      "mode": "managed",
      "type": "azurerm_mssql_database",
      "name": "mssql_db_helselog",
      "provider": "provider[\"registry.terraform.io/hashicorp/azurerm\"]",
      "instances": [
        {
          "schema_version": 1,
          "attributes": {
            "auto_pause_delay_in_minutes": 0,
            "collation": "SQL_Latin1_General_CP1_CI_AS",
            "create_mode": "Default",
            "creation_source_database_id": null,
            "elastic_pool_id": "",
            "extended_auditing_policy": [],
            "geo_backup_enabled": true,
            "id": "/subscriptions/d4028c8c-b750-434d-b956-ff8ce84f8632/resourceGroups/project-helselogistikk-0001/providers/Microsoft.Sql/servers/mssql-server-hl/databases/mssql-db-hl",
            "license_type": "LicenseIncluded",
            "long_term_retention_policy": [
              {
                "monthly_retention": "PT0S",
                "week_of_year": 0,
                "weekly_retention": "PT0S",
                "yearly_retention": "PT0S"
              }
            ],
            "max_size_gb": 32,
            "min_capacity": 0,
            "name": "mssql-db-hl",
            "read_replica_count": 0,
            "read_scale": false,
            "recover_database_id": null,
            "restore_dropped_database_id": null,
            "restore_point_in_time": null,
            "sample_name": null,
            "server_id": "/subscriptions/d4028c8c-b750-434d-b956-ff8ce84f8632/resourceGroups/project-helselogistikk-0001/providers/Microsoft.Sql/servers/mssql-server-hl",
            "short_term_retention_policy": [
              {
                "retention_days": 7
              }
            ],
            "sku_name": "GP_Gen5_2",
            "storage_account_type": "GRS",
            "tags": {},
            "threat_detection_policy": [
              {
                "disabled_alerts": [],
                "email_account_admins": "Disabled",
                "email_addresses": [],
                "retention_days": 0,
                "state": "Disabled",
                "storage_account_access_key": "",
                "storage_endpoint": "",
                "use_server_default": "Disabled"
              }
            ],
            "timeouts": null,
            "zone_redundant": false
          },
          "sensitive_attributes": [],
          "private": "eyJlMmJmYjczMC1lY2FhLTExZTYtOGY4OC0zNDM2M2JjN2M0YzAiOnsiY3JlYXRlIjozNjAwMDAwMDAwMDAwLCJkZWxldGUiOjM2MDAwMDAwMDAwMDAsInJlYWQiOjMwMDAwMDAwMDAwMCwidXBkYXRlIjozNjAwMDAwMDAwMDAwfSwic2NoZW1hX3ZlcnNpb24iOiIxIn0=",
          "dependencies": [
            "azurerm_resource_group.rg_helselog",
            "azurerm_mssql_server.mssql_server_helselog"
          ]
        }
      ]
    },
    {
      "mode": "managed",
      "type": "azurerm_mssql_database",
      "name": "mssql_db_kurs",
      "provider": "provider[\"registry.terraform.io/hashicorp/azurerm\"]",
      "instances": [
        {
          "schema_version": 1,
          "attributes": {
            "auto_pause_delay_in_minutes": 0,
            "collation": "SQL_Latin1_General_CP1_CI_AS",
            "create_mode": "Default",
            "creation_source_database_id": null,
            "elastic_pool_id": "",
            "extended_auditing_policy": [],
            "geo_backup_enabled": true,
            "id": "/subscriptions/d4028c8c-b750-434d-b956-ff8ce84f8632/resourceGroups/kurs-dips-ahus-0001/providers/Microsoft.Sql/servers/mssql-server-k/databases/mssql-db-k",
            "license_type": "LicenseIncluded",
            "long_term_retention_policy": [
              {
                "monthly_retention": "PT0S",
                "week_of_year": 0,
                "weekly_retention": "PT0S",
                "yearly_retention": "PT0S"
              }
            ],
            "max_size_gb": 32,
            "min_capacity": 0,
            "name": "mssql-db-k",
            "read_replica_count": 0,
            "read_scale": false,
            "recover_database_id": null,
            "restore_dropped_database_id": null,
            "restore_point_in_time": null,
            "sample_name": null,
            "server_id": "/subscriptions/d4028c8c-b750-434d-b956-ff8ce84f8632/resourceGroups/kurs-dips-ahus-0001/providers/Microsoft.Sql/servers/mssql-server-k",
            "short_term_retention_policy": [
              {
                "retention_days": 7
              }
            ],
            "sku_name": "GP_Gen5_2",
            "storage_account_type": "GRS",
            "tags": {},
            "threat_detection_policy": [
              {
                "disabled_alerts": [],
                "email_account_admins": "Disabled",
                "email_addresses": [],
                "retention_days": 0,
                "state": "Disabled",
                "storage_account_access_key": "",
                "storage_endpoint": "",
                "use_server_default": "Disabled"
              }
            ],
            "timeouts": null,
            "zone_redundant": false
          },
          "sensitive_attributes": [],
          "private": "eyJlMmJmYjczMC1lY2FhLTExZTYtOGY4OC0zNDM2M2JjN2M0YzAiOnsiY3JlYXRlIjozNjAwMDAwMDAwMDAwLCJkZWxldGUiOjM2MDAwMDAwMDAwMDAsInJlYWQiOjMwMDAwMDAwMDAwMCwidXBkYXRlIjozNjAwMDAwMDAwMDAwfSwic2NoZW1hX3ZlcnNpb24iOiIxIn0=",
          "dependencies": [
            "azurerm_mssql_server.mssql_server_kurs",
            "azurerm_resource_group.rg_kurs"
          ]
        }
      ]
    },
    {
      "mode": "managed",
      "type": "azurerm_mssql_server",
      "name": "mssql_server_helselog",
      "provider": "provider[\"registry.terraform.io/hashicorp/azurerm\"]",
      "instances": [
        {
          "schema_version": 0,
          "attributes": {
            "administrator_login": "missadministrator",
            "administrator_login_password": "thisIsKat11",
            "azuread_administrator": [],
            "connection_policy": "Default",
            "extended_auditing_policy": [],
            "fully_qualified_domain_name": "mssql-server-hl.database.windows.net",
            "id": "/subscriptions/d4028c8c-b750-434d-b956-ff8ce84f8632/resourceGroups/project-helselogistikk-0001/providers/Microsoft.Sql/servers/mssql-server-hl",
            "identity": [],
            "location": "norwayeast",
            "minimum_tls_version": "",
            "name": "mssql-server-hl",
            "primary_user_assigned_identity_id": "",
            "public_network_access_enabled": true,
            "resource_group_name": "project-helselogistikk-0001",
            "restorable_dropped_database_ids": [],
            "tags": {},
            "timeouts": null,
            "version": "12.0"
          },
          "sensitive_attributes": [],
          "private": "eyJlMmJmYjczMC1lY2FhLTExZTYtOGY4OC0zNDM2M2JjN2M0YzAiOnsiY3JlYXRlIjozNjAwMDAwMDAwMDAwLCJkZWxldGUiOjM2MDAwMDAwMDAwMDAsInJlYWQiOjMwMDAwMDAwMDAwMCwidXBkYXRlIjozNjAwMDAwMDAwMDAwfX0=",
          "dependencies": [
            "azurerm_resource_group.rg_helselog"
          ]
        }
      ]
    },
    {
      "mode": "managed",
      "type": "azurerm_mssql_server",
      "name": "mssql_server_kurs",
      "provider": "provider[\"registry.terraform.io/hashicorp/azurerm\"]",
      "instances": [
        {
          "schema_version": 0,
          "attributes": {
            "administrator_login": "missadministrator",
            "administrator_login_password": "thisIsKat11",
            "azuread_administrator": [],
            "connection_policy": "Default",
            "extended_auditing_policy": [],
            "fully_qualified_domain_name": "mssql-server-k.database.windows.net",
            "id": "/subscriptions/d4028c8c-b750-434d-b956-ff8ce84f8632/resourceGroups/kurs-dips-ahus-0001/providers/Microsoft.Sql/servers/mssql-server-k",
            "identity": [],
            "location": "norwayeast",
            "minimum_tls_version": "",
            "name": "mssql-server-k",
            "primary_user_assigned_identity_id": "",
            "public_network_access_enabled": true,
            "resource_group_name": "kurs-dips-ahus-0001",
            "restorable_dropped_database_ids": [],
            "tags": {},
            "timeouts": null,
            "version": "12.0"
          },
          "sensitive_attributes": [],
          "private": "eyJlMmJmYjczMC1lY2FhLTExZTYtOGY4OC0zNDM2M2JjN2M0YzAiOnsiY3JlYXRlIjozNjAwMDAwMDAwMDAwLCJkZWxldGUiOjM2MDAwMDAwMDAwMDAsInJlYWQiOjMwMDAwMDAwMDAwMCwidXBkYXRlIjozNjAwMDAwMDAwMDAwfX0=",
          "dependencies": [
            "azurerm_resource_group.rg_kurs"
          ]
        }
      ]
    },
    {
      "mode": "managed",
      "type": "azurerm_network_interface",
      "name": "nic_helselog_app",
      "provider": "provider[\"registry.terraform.io/hashicorp/azurerm\"]",
      "instances": [
        {
          "schema_version": 0,
          "attributes": {
            "applied_dns_servers": [],
            "dns_servers": [],
            "enable_accelerated_networking": false,
            "enable_ip_forwarding": false,
            "id": "/subscriptions/d4028c8c-b750-434d-b956-ff8ce84f8632/resourceGroups/project-helselogistikk-0001/providers/Microsoft.Network/networkInterfaces/nic-helselog-app",
            "internal_dns_name_label": "",
            "internal_domain_name_suffix": "ohoejysanwzejezeueknbcndfa.oslx.internal.cloudapp.net",
            "ip_configuration": [
              {
                "gateway_load_balancer_frontend_ip_configuration_id": "",
                "name": "app_internal",
                "primary": true,
                "private_ip_address": "10.0.2.4",
                "private_ip_address_allocation": "Dynamic",
                "private_ip_address_version": "IPv4",
                "public_ip_address_id": "",
                "subnet_id": "/subscriptions/d4028c8c-b750-434d-b956-ff8ce84f8632/resourceGroups/project-helselogistikk-0001/providers/Microsoft.Network/virtualNetworks/project-helselogistikk-0001/subnets/app-subnet"
              }
            ],
            "location": "norwayeast",
            "mac_address": "00-22-48-DC-66-39",
            "name": "nic-helselog-app",
            "private_ip_address": "10.0.2.4",
            "private_ip_addresses": [
              "10.0.2.4"
            ],
            "resource_group_name": "project-helselogistikk-0001",
            "tags": {},
            "timeouts": null,
            "virtual_machine_id": "/subscriptions/d4028c8c-b750-434d-b956-ff8ce84f8632/resourceGroups/project-helselogistikk-0001/providers/Microsoft.Compute/virtualMachines/vm-win-app-hl"
          },
          "sensitive_attributes": [],
          "private": "eyJlMmJmYjczMC1lY2FhLTExZTYtOGY4OC0zNDM2M2JjN2M0YzAiOnsiY3JlYXRlIjoxODAwMDAwMDAwMDAwLCJkZWxldGUiOjE4MDAwMDAwMDAwMDAsInJlYWQiOjMwMDAwMDAwMDAwMCwidXBkYXRlIjoxODAwMDAwMDAwMDAwfX0=",
          "dependencies": [
            "azurerm_resource_group.rg_helselog",
            "azurerm_subnet.subnet_helselog_app",
            "azurerm_virtual_network.vnet_helselog"
          ]
        }
      ]
    },
    {
      "mode": "managed",
      "type": "azurerm_network_interface",
      "name": "nic_helselog_db",
      "provider": "provider[\"registry.terraform.io/hashicorp/azurerm\"]",
      "instances": [
        {
          "schema_version": 0,
          "attributes": {
            "applied_dns_servers": [],
            "dns_servers": [],
            "enable_accelerated_networking": false,
            "enable_ip_forwarding": false,
            "id": "/subscriptions/d4028c8c-b750-434d-b956-ff8ce84f8632/resourceGroups/project-helselogistikk-0001/providers/Microsoft.Network/networkInterfaces/nic-helselog-db",
            "internal_dns_name_label": "",
            "internal_domain_name_suffix": "ohoejysanwzejezeueknbcndfa.oslx.internal.cloudapp.net",
            "ip_configuration": [
              {
                "gateway_load_balancer_frontend_ip_configuration_id": "",
                "name": "db_internal",
                "primary": true,
                "private_ip_address": "10.0.3.4",
                "private_ip_address_allocation": "Dynamic",
                "private_ip_address_version": "IPv4",
                "public_ip_address_id": "",
                "subnet_id": "/subscriptions/d4028c8c-b750-434d-b956-ff8ce84f8632/resourceGroups/project-helselogistikk-0001/providers/Microsoft.Network/virtualNetworks/project-helselogistikk-0001/subnets/db-subnet"
              }
            ],
            "location": "norwayeast",
            "mac_address": "",
            "name": "nic-helselog-db",
            "private_ip_address": "10.0.3.4",
            "private_ip_addresses": [
              "10.0.3.4"
            ],
            "resource_group_name": "project-helselogistikk-0001",
            "tags": {},
            "timeouts": null,
            "virtual_machine_id": ""
          },
          "sensitive_attributes": [],
          "private": "eyJlMmJmYjczMC1lY2FhLTExZTYtOGY4OC0zNDM2M2JjN2M0YzAiOnsiY3JlYXRlIjoxODAwMDAwMDAwMDAwLCJkZWxldGUiOjE4MDAwMDAwMDAwMDAsInJlYWQiOjMwMDAwMDAwMDAwMCwidXBkYXRlIjoxODAwMDAwMDAwMDAwfX0=",
          "dependencies": [
            "azurerm_resource_group.rg_helselog",
            "azurerm_subnet.subnet_helselog_db",
            "azurerm_virtual_network.vnet_helselog"
          ]
        }
      ]
    },
    {
      "mode": "managed",
      "type": "azurerm_network_interface",
      "name": "nic_helselog_web",
      "provider": "provider[\"registry.terraform.io/hashicorp/azurerm\"]",
      "instances": [
        {
          "schema_version": 0,
          "attributes": {
            "applied_dns_servers": [],
            "dns_servers": [],
            "enable_accelerated_networking": false,
            "enable_ip_forwarding": false,
            "id": "/subscriptions/d4028c8c-b750-434d-b956-ff8ce84f8632/resourceGroups/project-helselogistikk-0001/providers/Microsoft.Network/networkInterfaces/nic-helselog-web",
            "internal_dns_name_label": "",
            "internal_domain_name_suffix": "ohoejysanwzejezeueknbcndfa.oslx.internal.cloudapp.net",
            "ip_configuration": [
              {
                "gateway_load_balancer_frontend_ip_configuration_id": "",
                "name": "web_internal",
                "primary": true,
                "private_ip_address": "10.0.1.4",
                "private_ip_address_allocation": "Dynamic",
                "private_ip_address_version": "IPv4",
                "public_ip_address_id": "",
                "subnet_id": "/subscriptions/d4028c8c-b750-434d-b956-ff8ce84f8632/resourceGroups/project-helselogistikk-0001/providers/Microsoft.Network/virtualNetworks/project-helselogistikk-0001/subnets/web-subnet"
              }
            ],
            "location": "norwayeast",
            "mac_address": "00-22-48-DC-6E-DF",
            "name": "nic-helselog-web",
            "private_ip_address": "10.0.1.4",
            "private_ip_addresses": [
              "10.0.1.4"
            ],
            "resource_group_name": "project-helselogistikk-0001",
            "tags": {},
            "timeouts": null,
            "virtual_machine_id": "/subscriptions/d4028c8c-b750-434d-b956-ff8ce84f8632/resourceGroups/project-helselogistikk-0001/providers/Microsoft.Compute/virtualMachines/vm-linux-web-hl"
          },
          "sensitive_attributes": [],
          "private": "eyJlMmJmYjczMC1lY2FhLTExZTYtOGY4OC0zNDM2M2JjN2M0YzAiOnsiY3JlYXRlIjoxODAwMDAwMDAwMDAwLCJkZWxldGUiOjE4MDAwMDAwMDAwMDAsInJlYWQiOjMwMDAwMDAwMDAwMCwidXBkYXRlIjoxODAwMDAwMDAwMDAwfX0=",
          "dependencies": [
            "azurerm_resource_group.rg_helselog",
            "azurerm_subnet.subnet_helselog_web",
            "azurerm_virtual_network.vnet_helselog"
          ]
        }
      ]
    },
    {
      "mode": "managed",
      "type": "azurerm_network_interface",
      "name": "nic_kurs_app",
      "provider": "provider[\"registry.terraform.io/hashicorp/azurerm\"]",
      "instances": [
        {
          "schema_version": 0,
          "attributes": {
            "applied_dns_servers": [],
            "dns_servers": [],
            "enable_accelerated_networking": false,
            "enable_ip_forwarding": false,
            "id": "/subscriptions/d4028c8c-b750-434d-b956-ff8ce84f8632/resourceGroups/kurs-dips-ahus-0001/providers/Microsoft.Network/networkInterfaces/nic-kurs-app",
            "internal_dns_name_label": "",
            "internal_domain_name_suffix": "a5xmq3xpnhyebkzrd5kd4soxag.oslx.internal.cloudapp.net",
            "ip_configuration": [
              {
                "gateway_load_balancer_frontend_ip_configuration_id": "",
                "name": "app_internal",
                "primary": true,
                "private_ip_address": "10.1.2.4",
                "private_ip_address_allocation": "Dynamic",
                "private_ip_address_version": "IPv4",
                "public_ip_address_id": "",
                "subnet_id": "/subscriptions/d4028c8c-b750-434d-b956-ff8ce84f8632/resourceGroups/kurs-dips-ahus-0001/providers/Microsoft.Network/virtualNetworks/kurs-dips-ahus-0001/subnets/app-subnet"
              }
            ],
            "location": "norwayeast",
            "mac_address": "00-22-48-75-78-92",
            "name": "nic-kurs-app",
            "private_ip_address": "10.1.2.4",
            "private_ip_addresses": [
              "10.1.2.4"
            ],
            "resource_group_name": "kurs-dips-ahus-0001",
            "tags": {},
            "timeouts": null,
            "virtual_machine_id": "/subscriptions/d4028c8c-b750-434d-b956-ff8ce84f8632/resourceGroups/kurs-dips-ahus-0001/providers/Microsoft.Compute/virtualMachines/vm-win-app-k"
          },
          "sensitive_attributes": [],
          "private": "eyJlMmJmYjczMC1lY2FhLTExZTYtOGY4OC0zNDM2M2JjN2M0YzAiOnsiY3JlYXRlIjoxODAwMDAwMDAwMDAwLCJkZWxldGUiOjE4MDAwMDAwMDAwMDAsInJlYWQiOjMwMDAwMDAwMDAwMCwidXBkYXRlIjoxODAwMDAwMDAwMDAwfX0=",
          "dependencies": [
            "azurerm_virtual_network.vnet_kurs",
            "azurerm_resource_group.rg_kurs",
            "azurerm_subnet.subnet_kurs_app"
          ]
        }
      ]
    },
    {
      "mode": "managed",
      "type": "azurerm_network_interface",
      "name": "nic_kurs_db",
      "provider": "provider[\"registry.terraform.io/hashicorp/azurerm\"]",
      "instances": [
        {
          "schema_version": 0,
          "attributes": {
            "applied_dns_servers": [],
            "dns_servers": [],
            "enable_accelerated_networking": false,
            "enable_ip_forwarding": false,
            "id": "/subscriptions/d4028c8c-b750-434d-b956-ff8ce84f8632/resourceGroups/kurs-dips-ahus-0001/providers/Microsoft.Network/networkInterfaces/nic-kurs-db",
            "internal_dns_name_label": "",
            "internal_domain_name_suffix": "a5xmq3xpnhyebkzrd5kd4soxag.oslx.internal.cloudapp.net",
            "ip_configuration": [
              {
                "gateway_load_balancer_frontend_ip_configuration_id": "",
                "name": "db_internal",
                "primary": true,
                "private_ip_address": "10.1.3.4",
                "private_ip_address_allocation": "Dynamic",
                "private_ip_address_version": "IPv4",
                "public_ip_address_id": "",
                "subnet_id": "/subscriptions/d4028c8c-b750-434d-b956-ff8ce84f8632/resourceGroups/kurs-dips-ahus-0001/providers/Microsoft.Network/virtualNetworks/kurs-dips-ahus-0001/subnets/db-subnet"
              }
            ],
            "location": "norwayeast",
            "mac_address": "",
            "name": "nic-kurs-db",
            "private_ip_address": "10.1.3.4",
            "private_ip_addresses": [
              "10.1.3.4"
            ],
            "resource_group_name": "kurs-dips-ahus-0001",
            "tags": {},
            "timeouts": null,
            "virtual_machine_id": ""
          },
          "sensitive_attributes": [],
          "private": "eyJlMmJmYjczMC1lY2FhLTExZTYtOGY4OC0zNDM2M2JjN2M0YzAiOnsiY3JlYXRlIjoxODAwMDAwMDAwMDAwLCJkZWxldGUiOjE4MDAwMDAwMDAwMDAsInJlYWQiOjMwMDAwMDAwMDAwMCwidXBkYXRlIjoxODAwMDAwMDAwMDAwfX0=",
          "dependencies": [
            "azurerm_resource_group.rg_kurs",
            "azurerm_subnet.subnet_kurs_db",
            "azurerm_virtual_network.vnet_kurs"
          ]
        }
      ]
    },
    {
      "mode": "managed",
      "type": "azurerm_network_interface",
      "name": "nic_kurs_web",
      "provider": "provider[\"registry.terraform.io/hashicorp/azurerm\"]",
      "instances": [
        {
          "schema_version": 0,
          "attributes": {
            "applied_dns_servers": [],
            "dns_servers": [],
            "enable_accelerated_networking": false,
            "enable_ip_forwarding": false,
            "id": "/subscriptions/d4028c8c-b750-434d-b956-ff8ce84f8632/resourceGroups/kurs-dips-ahus-0001/providers/Microsoft.Network/networkInterfaces/nic-kurs-web",
            "internal_dns_name_label": "",
            "internal_domain_name_suffix": "a5xmq3xpnhyebkzrd5kd4soxag.oslx.internal.cloudapp.net",
            "ip_configuration": [
              {
                "gateway_load_balancer_frontend_ip_configuration_id": "",
                "name": "web_internal",
                "primary": true,
                "private_ip_address": "10.1.1.4",
                "private_ip_address_allocation": "Dynamic",
                "private_ip_address_version": "IPv4",
                "public_ip_address_id": "",
                "subnet_id": "/subscriptions/d4028c8c-b750-434d-b956-ff8ce84f8632/resourceGroups/kurs-dips-ahus-0001/providers/Microsoft.Network/virtualNetworks/kurs-dips-ahus-0001/subnets/web-subnet"
              }
            ],
            "location": "norwayeast",
            "mac_address": "00-22-48-75-97-58",
            "name": "nic-kurs-web",
            "private_ip_address": "10.1.1.4",
            "private_ip_addresses": [
              "10.1.1.4"
            ],
            "resource_group_name": "kurs-dips-ahus-0001",
            "tags": {},
            "timeouts": null,
            "virtual_machine_id": "/subscriptions/d4028c8c-b750-434d-b956-ff8ce84f8632/resourceGroups/kurs-dips-ahus-0001/providers/Microsoft.Compute/virtualMachines/vm-linux-web-k"
          },
          "sensitive_attributes": [],
          "private": "eyJlMmJmYjczMC1lY2FhLTExZTYtOGY4OC0zNDM2M2JjN2M0YzAiOnsiY3JlYXRlIjoxODAwMDAwMDAwMDAwLCJkZWxldGUiOjE4MDAwMDAwMDAwMDAsInJlYWQiOjMwMDAwMDAwMDAwMCwidXBkYXRlIjoxODAwMDAwMDAwMDAwfX0=",
          "dependencies": [
            "azurerm_resource_group.rg_kurs",
            "azurerm_subnet.subnet_kurs_web",
            "azurerm_virtual_network.vnet_kurs"
          ]
        }
      ]
    },
    {
      "mode": "managed",
      "type": "azurerm_resource_group",
      "name": "rg_helselog",
      "provider": "provider[\"registry.terraform.io/hashicorp/azurerm\"]",
      "instances": [
        {
          "schema_version": 0,
          "attributes": {
            "id": "/subscriptions/d4028c8c-b750-434d-b956-ff8ce84f8632/resourceGroups/project-helselogistikk-0001",
            "location": "norwayeast",
            "name": "project-helselogistikk-0001",
            "tags": {},
            "timeouts": null
          },
          "sensitive_attributes": [],
          "private": "eyJlMmJmYjczMC1lY2FhLTExZTYtOGY4OC0zNDM2M2JjN2M0YzAiOnsiY3JlYXRlIjo1NDAwMDAwMDAwMDAwLCJkZWxldGUiOjU0MDAwMDAwMDAwMDAsInJlYWQiOjMwMDAwMDAwMDAwMCwidXBkYXRlIjo1NDAwMDAwMDAwMDAwfX0="
        }
      ]
    },
    {
      "mode": "managed",
      "type": "azurerm_resource_group",
      "name": "rg_kurs",
      "provider": "provider[\"registry.terraform.io/hashicorp/azurerm\"]",
      "instances": [
        {
          "schema_version": 0,
          "attributes": {
            "id": "/subscriptions/d4028c8c-b750-434d-b956-ff8ce84f8632/resourceGroups/kurs-dips-ahus-0001",
            "location": "norwayeast",
            "name": "kurs-dips-ahus-0001",
            "tags": {},
            "timeouts": null
          },
          "sensitive_attributes": [],
          "private": "eyJlMmJmYjczMC1lY2FhLTExZTYtOGY4OC0zNDM2M2JjN2M0YzAiOnsiY3JlYXRlIjo1NDAwMDAwMDAwMDAwLCJkZWxldGUiOjU0MDAwMDAwMDAwMDAsInJlYWQiOjMwMDAwMDAwMDAwMCwidXBkYXRlIjo1NDAwMDAwMDAwMDAwfX0="
        }
      ]
    },
    {
      "mode": "managed",
      "type": "azurerm_subnet",
      "name": "subnet_helselog_app",
      "provider": "provider[\"registry.terraform.io/hashicorp/azurerm\"]",
      "instances": [
        {
          "schema_version": 0,
          "attributes": {
            "address_prefix": "10.0.2.0/24",
            "address_prefixes": [
              "10.0.2.0/24"
            ],
            "delegation": [],
            "enforce_private_link_endpoint_network_policies": false,
            "enforce_private_link_service_network_policies": false,
            "id": "/subscriptions/d4028c8c-b750-434d-b956-ff8ce84f8632/resourceGroups/project-helselogistikk-0001/providers/Microsoft.Network/virtualNetworks/project-helselogistikk-0001/subnets/app-subnet",
            "name": "app-subnet",
            "resource_group_name": "project-helselogistikk-0001",
            "service_endpoint_policy_ids": [],
            "service_endpoints": [],
            "timeouts": null,
            "virtual_network_name": "project-helselogistikk-0001"
          },
          "sensitive_attributes": [],
          "private": "eyJlMmJmYjczMC1lY2FhLTExZTYtOGY4OC0zNDM2M2JjN2M0YzAiOnsiY3JlYXRlIjoxODAwMDAwMDAwMDAwLCJkZWxldGUiOjE4MDAwMDAwMDAwMDAsInJlYWQiOjMwMDAwMDAwMDAwMCwidXBkYXRlIjoxODAwMDAwMDAwMDAwfX0=",
          "dependencies": [
            "azurerm_resource_group.rg_helselog",
            "azurerm_virtual_network.vnet_helselog"
          ]
        }
      ]
    },
    {
      "mode": "managed",
      "type": "azurerm_subnet",
      "name": "subnet_helselog_db",
      "provider": "provider[\"registry.terraform.io/hashicorp/azurerm\"]",
      "instances": [
        {
          "schema_version": 0,
          "attributes": {
            "address_prefix": "10.0.3.0/24",
            "address_prefixes": [
              "10.0.3.0/24"
            ],
            "delegation": [],
            "enforce_private_link_endpoint_network_policies": false,
            "enforce_private_link_service_network_policies": false,
            "id": "/subscriptions/d4028c8c-b750-434d-b956-ff8ce84f8632/resourceGroups/project-helselogistikk-0001/providers/Microsoft.Network/virtualNetworks/project-helselogistikk-0001/subnets/db-subnet",
            "name": "db-subnet",
            "resource_group_name": "project-helselogistikk-0001",
            "service_endpoint_policy_ids": [],
            "service_endpoints": [],
            "timeouts": null,
            "virtual_network_name": "project-helselogistikk-0001"
          },
          "sensitive_attributes": [],
          "private": "eyJlMmJmYjczMC1lY2FhLTExZTYtOGY4OC0zNDM2M2JjN2M0YzAiOnsiY3JlYXRlIjoxODAwMDAwMDAwMDAwLCJkZWxldGUiOjE4MDAwMDAwMDAwMDAsInJlYWQiOjMwMDAwMDAwMDAwMCwidXBkYXRlIjoxODAwMDAwMDAwMDAwfX0=",
          "dependencies": [
            "azurerm_resource_group.rg_helselog",
            "azurerm_virtual_network.vnet_helselog"
          ]
        }
      ]
    },
    {
      "mode": "managed",
      "type": "azurerm_subnet",
      "name": "subnet_helselog_web",
      "provider": "provider[\"registry.terraform.io/hashicorp/azurerm\"]",
      "instances": [
        {
          "schema_version": 0,
          "attributes": {
            "address_prefix": "10.0.1.0/24",
            "address_prefixes": [
              "10.0.1.0/24"
            ],
            "delegation": [],
            "enforce_private_link_endpoint_network_policies": false,
            "enforce_private_link_service_network_policies": false,
            "id": "/subscriptions/d4028c8c-b750-434d-b956-ff8ce84f8632/resourceGroups/project-helselogistikk-0001/providers/Microsoft.Network/virtualNetworks/project-helselogistikk-0001/subnets/web-subnet",
            "name": "web-subnet",
            "resource_group_name": "project-helselogistikk-0001",
            "service_endpoint_policy_ids": [],
            "service_endpoints": [],
            "timeouts": null,
            "virtual_network_name": "project-helselogistikk-0001"
          },
          "sensitive_attributes": [],
          "private": "eyJlMmJmYjczMC1lY2FhLTExZTYtOGY4OC0zNDM2M2JjN2M0YzAiOnsiY3JlYXRlIjoxODAwMDAwMDAwMDAwLCJkZWxldGUiOjE4MDAwMDAwMDAwMDAsInJlYWQiOjMwMDAwMDAwMDAwMCwidXBkYXRlIjoxODAwMDAwMDAwMDAwfX0=",
          "dependencies": [
            "azurerm_resource_group.rg_helselog",
            "azurerm_virtual_network.vnet_helselog"
          ]
        }
      ]
    },
    {
      "mode": "managed",
      "type": "azurerm_subnet",
      "name": "subnet_kurs_app",
      "provider": "provider[\"registry.terraform.io/hashicorp/azurerm\"]",
      "instances": [
        {
          "schema_version": 0,
          "attributes": {
            "address_prefix": "10.1.2.0/24",
            "address_prefixes": [
              "10.1.2.0/24"
            ],
            "delegation": [],
            "enforce_private_link_endpoint_network_policies": false,
            "enforce_private_link_service_network_policies": false,
            "id": "/subscriptions/d4028c8c-b750-434d-b956-ff8ce84f8632/resourceGroups/kurs-dips-ahus-0001/providers/Microsoft.Network/virtualNetworks/kurs-dips-ahus-0001/subnets/app-subnet",
            "name": "app-subnet",
            "resource_group_name": "kurs-dips-ahus-0001",
            "service_endpoint_policy_ids": [],
            "service_endpoints": [],
            "timeouts": null,
            "virtual_network_name": "kurs-dips-ahus-0001"
          },
          "sensitive_attributes": [],
          "private": "eyJlMmJmYjczMC1lY2FhLTExZTYtOGY4OC0zNDM2M2JjN2M0YzAiOnsiY3JlYXRlIjoxODAwMDAwMDAwMDAwLCJkZWxldGUiOjE4MDAwMDAwMDAwMDAsInJlYWQiOjMwMDAwMDAwMDAwMCwidXBkYXRlIjoxODAwMDAwMDAwMDAwfX0=",
          "dependencies": [
            "azurerm_resource_group.rg_kurs",
            "azurerm_virtual_network.vnet_kurs"
          ]
        }
      ]
    },
    {
      "mode": "managed",
      "type": "azurerm_subnet",
      "name": "subnet_kurs_db",
      "provider": "provider[\"registry.terraform.io/hashicorp/azurerm\"]",
      "instances": [
        {
          "schema_version": 0,
          "attributes": {
            "address_prefix": "10.1.3.0/24",
            "address_prefixes": [
              "10.1.3.0/24"
            ],
            "delegation": [],
            "enforce_private_link_endpoint_network_policies": false,
            "enforce_private_link_service_network_policies": false,
            "id": "/subscriptions/d4028c8c-b750-434d-b956-ff8ce84f8632/resourceGroups/kurs-dips-ahus-0001/providers/Microsoft.Network/virtualNetworks/kurs-dips-ahus-0001/subnets/db-subnet",
            "name": "db-subnet",
            "resource_group_name": "kurs-dips-ahus-0001",
            "service_endpoint_policy_ids": [],
            "service_endpoints": [],
            "timeouts": null,
            "virtual_network_name": "kurs-dips-ahus-0001"
          },
          "sensitive_attributes": [],
          "private": "eyJlMmJmYjczMC1lY2FhLTExZTYtOGY4OC0zNDM2M2JjN2M0YzAiOnsiY3JlYXRlIjoxODAwMDAwMDAwMDAwLCJkZWxldGUiOjE4MDAwMDAwMDAwMDAsInJlYWQiOjMwMDAwMDAwMDAwMCwidXBkYXRlIjoxODAwMDAwMDAwMDAwfX0=",
          "dependencies": [
            "azurerm_resource_group.rg_kurs",
            "azurerm_virtual_network.vnet_kurs"
          ]
        }
      ]
    },
    {
      "mode": "managed",
      "type": "azurerm_subnet",
      "name": "subnet_kurs_web",
      "provider": "provider[\"registry.terraform.io/hashicorp/azurerm\"]",
      "instances": [
        {
          "schema_version": 0,
          "attributes": {
            "address_prefix": "10.1.1.0/24",
            "address_prefixes": [
              "10.1.1.0/24"
            ],
            "delegation": [],
            "enforce_private_link_endpoint_network_policies": false,
            "enforce_private_link_service_network_policies": false,
            "id": "/subscriptions/d4028c8c-b750-434d-b956-ff8ce84f8632/resourceGroups/kurs-dips-ahus-0001/providers/Microsoft.Network/virtualNetworks/kurs-dips-ahus-0001/subnets/web-subnet",
            "name": "web-subnet",
            "resource_group_name": "kurs-dips-ahus-0001",
            "service_endpoint_policy_ids": [],
            "service_endpoints": [],
            "timeouts": null,
            "virtual_network_name": "kurs-dips-ahus-0001"
          },
          "sensitive_attributes": [],
          "private": "eyJlMmJmYjczMC1lY2FhLTExZTYtOGY4OC0zNDM2M2JjN2M0YzAiOnsiY3JlYXRlIjoxODAwMDAwMDAwMDAwLCJkZWxldGUiOjE4MDAwMDAwMDAwMDAsInJlYWQiOjMwMDAwMDAwMDAwMCwidXBkYXRlIjoxODAwMDAwMDAwMDAwfX0=",
          "dependencies": [
            "azurerm_resource_group.rg_kurs",
            "azurerm_virtual_network.vnet_kurs"
          ]
        }
      ]
    },
    {
      "mode": "managed",
      "type": "azurerm_virtual_network",
      "name": "vnet_helselog",
      "provider": "provider[\"registry.terraform.io/hashicorp/azurerm\"]",
      "instances": [
        {
          "schema_version": 0,
          "attributes": {
            "address_space": [
              "10.0.0.0/16"
            ],
            "bgp_community": "",
            "ddos_protection_plan": [],
            "dns_servers": [],
            "guid": "e244dc71-6d40-44b2-9324-a114d089a328",
            "id": "/subscriptions/d4028c8c-b750-434d-b956-ff8ce84f8632/resourceGroups/project-helselogistikk-0001/providers/Microsoft.Network/virtualNetworks/project-helselogistikk-0001",
            "location": "norwayeast",
            "name": "project-helselogistikk-0001",
            "resource_group_name": "project-helselogistikk-0001",
            "subnet": [
              {
                "address_prefix": "10.0.1.0/24",
                "id": "/subscriptions/d4028c8c-b750-434d-b956-ff8ce84f8632/resourceGroups/project-helselogistikk-0001/providers/Microsoft.Network/virtualNetworks/project-helselogistikk-0001/subnets/web-subnet",
                "name": "web-subnet",
                "security_group": ""
              },
              {
                "address_prefix": "10.0.2.0/24",
                "id": "/subscriptions/d4028c8c-b750-434d-b956-ff8ce84f8632/resourceGroups/project-helselogistikk-0001/providers/Microsoft.Network/virtualNetworks/project-helselogistikk-0001/subnets/app-subnet",
                "name": "app-subnet",
                "security_group": ""
              },
              {
                "address_prefix": "10.0.3.0/24",
                "id": "/subscriptions/d4028c8c-b750-434d-b956-ff8ce84f8632/resourceGroups/project-helselogistikk-0001/providers/Microsoft.Network/virtualNetworks/project-helselogistikk-0001/subnets/db-subnet",
                "name": "db-subnet",
                "security_group": ""
              }
            ],
            "tags": {},
            "timeouts": null,
            "vm_protection_enabled": false
          },
          "sensitive_attributes": [],
          "private": "eyJlMmJmYjczMC1lY2FhLTExZTYtOGY4OC0zNDM2M2JjN2M0YzAiOnsiY3JlYXRlIjoxODAwMDAwMDAwMDAwLCJkZWxldGUiOjE4MDAwMDAwMDAwMDAsInJlYWQiOjMwMDAwMDAwMDAwMCwidXBkYXRlIjoxODAwMDAwMDAwMDAwfX0=",
          "dependencies": [
            "azurerm_resource_group.rg_helselog"
          ]
        }
      ]
    },
    {
      "mode": "managed",
      "type": "azurerm_virtual_network",
      "name": "vnet_kurs",
      "provider": "provider[\"registry.terraform.io/hashicorp/azurerm\"]",
      "instances": [
        {
          "schema_version": 0,
          "attributes": {
            "address_space": [
              "10.1.0.0/16"
            ],
            "bgp_community": "",
            "ddos_protection_plan": [],
            "dns_servers": [],
            "guid": "76c8ee07-69ef-40f0-ab31-1fd43f49d706",
            "id": "/subscriptions/d4028c8c-b750-434d-b956-ff8ce84f8632/resourceGroups/kurs-dips-ahus-0001/providers/Microsoft.Network/virtualNetworks/kurs-dips-ahus-0001",
            "location": "norwayeast",
            "name": "kurs-dips-ahus-0001",
            "resource_group_name": "kurs-dips-ahus-0001",
            "subnet": [
              {
                "address_prefix": "10.1.1.0/24",
                "id": "/subscriptions/d4028c8c-b750-434d-b956-ff8ce84f8632/resourceGroups/kurs-dips-ahus-0001/providers/Microsoft.Network/virtualNetworks/kurs-dips-ahus-0001/subnets/web-subnet",
                "name": "web-subnet",
                "security_group": ""
              },
              {
                "address_prefix": "10.1.2.0/24",
                "id": "/subscriptions/d4028c8c-b750-434d-b956-ff8ce84f8632/resourceGroups/kurs-dips-ahus-0001/providers/Microsoft.Network/virtualNetworks/kurs-dips-ahus-0001/subnets/app-subnet",
                "name": "app-subnet",
                "security_group": ""
              },
              {
                "address_prefix": "10.1.3.0/24",
                "id": "/subscriptions/d4028c8c-b750-434d-b956-ff8ce84f8632/resourceGroups/kurs-dips-ahus-0001/providers/Microsoft.Network/virtualNetworks/kurs-dips-ahus-0001/subnets/db-subnet",
                "name": "db-subnet",
                "security_group": ""
              }
            ],
            "tags": {},
            "timeouts": null,
            "vm_protection_enabled": false
          },
          "sensitive_attributes": [],
          "private": "eyJlMmJmYjczMC1lY2FhLTExZTYtOGY4OC0zNDM2M2JjN2M0YzAiOnsiY3JlYXRlIjoxODAwMDAwMDAwMDAwLCJkZWxldGUiOjE4MDAwMDAwMDAwMDAsInJlYWQiOjMwMDAwMDAwMDAwMCwidXBkYXRlIjoxODAwMDAwMDAwMDAwfX0=",
          "dependencies": [
            "azurerm_resource_group.rg_kurs"
          ]
        }
      ]
    },
    {
      "mode": "managed",
      "type": "azurerm_windows_virtual_machine",
      "name": "vm_windows_app_helselog",
      "provider": "provider[\"registry.terraform.io/hashicorp/azurerm\"]",
      "instances": [
        {
          "schema_version": 0,
          "attributes": {
            "additional_capabilities": [],
            "additional_unattend_content": [],
            "admin_password": "Adminpassword123",
            "admin_username": "adminuser",
            "allow_extension_operations": true,
            "availability_set_id": "",
            "boot_diagnostics": [],
            "computer_name": "vm-win-app-hl",
            "custom_data": null,
            "dedicated_host_id": "",
            "enable_automatic_updates": true,
            "encryption_at_host_enabled": false,
            "eviction_policy": "",
            "extensions_time_budget": "PT1H30M",
            "id": "/subscriptions/d4028c8c-b750-434d-b956-ff8ce84f8632/resourceGroups/project-helselogistikk-0001/providers/Microsoft.Compute/virtualMachines/vm-win-app-hl",
            "identity": [],
            "license_type": "",
            "location": "norwayeast",
            "max_bid_price": -1,
            "name": "vm-win-app-hl",
            "network_interface_ids": [
              "/subscriptions/d4028c8c-b750-434d-b956-ff8ce84f8632/resourceGroups/project-helselogistikk-0001/providers/Microsoft.Network/networkInterfaces/nic-helselog-app"
            ],
            "os_disk": [
              {
                "caching": "ReadWrite",
                "diff_disk_settings": [],
                "disk_encryption_set_id": "",
                "disk_size_gb": 127,
                "name": "vm-win-app-hl_OsDisk_1_dc4bd1bcc5f54ae3ac648d71b6576347",
                "storage_account_type": "Standard_LRS",
                "write_accelerator_enabled": false
              }
            ],
            "patch_mode": "AutomaticByOS",
            "plan": [],
            "platform_fault_domain": -1,
            "priority": "Regular",
            "private_ip_address": "10.0.2.4",
            "private_ip_addresses": [
              "10.0.2.4"
            ],
            "provision_vm_agent": true,
            "proximity_placement_group_id": "",
            "public_ip_address": "",
            "public_ip_addresses": [],
            "resource_group_name": "project-helselogistikk-0001",
            "secret": [],
            "size": "Standard_F2",
            "source_image_id": "",
            "source_image_reference": [
              {
                "offer": "WindowsServer",
                "publisher": "MicrosoftWindowsServer",
                "sku": "2016-Datacenter",
                "version": "latest"
              }
            ],
            "tags": {},
            "timeouts": null,
            "timezone": "",
            "virtual_machine_id": "8a0dcf37-bab5-4c91-b9a1-6f55b3e8151d",
            "virtual_machine_scale_set_id": "",
            "winrm_listener": [],
            "zone": ""
          },
          "sensitive_attributes": [],
          "private": "eyJlMmJmYjczMC1lY2FhLTExZTYtOGY4OC0zNDM2M2JjN2M0YzAiOnsiY3JlYXRlIjoyNzAwMDAwMDAwMDAwLCJkZWxldGUiOjI3MDAwMDAwMDAwMDAsInJlYWQiOjMwMDAwMDAwMDAwMCwidXBkYXRlIjoyNzAwMDAwMDAwMDAwfX0=",
          "dependencies": [
            "azurerm_network_interface.nic_helselog_app",
            "azurerm_resource_group.rg_helselog",
            "azurerm_subnet.subnet_helselog_app",
            "azurerm_virtual_network.vnet_helselog"
          ]
        }
      ]
    }
  ]
}
